{
  "dependencies": {
    "windmill-client": "latest"
  }
}
//bun.lock
{
  "lockfileVersion": 1,
  "workspaces": {
    "": {
      "dependencies": {
        "windmill-client": "latest",
      },
    },
  },
  "packages": {
    "windmill-client": ["windmill-client@1.705.0", "", {}, "sha512-D6fRbjUTtCAwKZQ2QXk3KS4bGjGRxnkP1qANHx94YsozN0sQhoFF3JXOHjR7AeRcsbZeLJAIyNJ7C2VtVifpbg=="],
  }
}
