{
  "name": "cli",
  "lockfileVersion": 3,
  "requires": true,
  "packages": {
    "": {
      "dependencies": {
        "windmill-yaml-validator": "file:../windmill-yaml-validator"
      }
    },
    "../windmill-yaml-validator": {
      "version": "2.0.0",
      "license": "Apache 2.0",
      "dependencies": {
        "@stoplight/yaml": "^4.3.0",
        "ajv": "^8.17.1"
      },
      "devDependencies": {
        "@types/jest": "^29.5.0",
        "@types/node": "^24.1.0",
        "jest": "^29.5.0",
        "js-yaml": "^3.14.1",
        "ts-jest": "^29.1.0",
        "typescript": "^5.0.0"
      }
    },
    "node_modules/windmill-yaml-validator": {
      "resolved": "../windmill-yaml-validator",
      "link": true
    }
  }
}
