version: v2
locks:
  f/km/new_pipeline_script_h3pk: a78fccc7319eb1be8840d126e3509ef10f784bd5b9ebda91847563588f2b1662
  f/km/new_pipeline_script_lmmk: d4091a620ca1e4fc3260a0c5eb0db9778750097ee36965ec7457d04dce141ac7
  f/km/new_pipeline_script_poi9: edff04b0536c745efd509a547eeb3667361ee7f175b26d5b7b1951ce1c5988fa
  f/km/r_aggregate: 30c80a5ddac47b2aa010a4868eacb1148d8b0d5b4dd16c8e6ac7c9c4be98b640
  f/km/r_enrich: b14fa6d543e0035451363c4d5d0d41638d4c87d9fe1e74145a026311dcdfa9d2
  f/km/r_ingest: c4813b89811247dcf2c23020a73d1d9cd9bbc9a2eeace0f5978d67d1c62e5c57
  f/km/r_publish: 0df973d7f73f5c94d1a39aa9b7ab1406ac669100d327982890e79734156bd601
  f/km/r_seed: b3095d40ef13dc9f93f85eaa22ff0789689face4f9405f492b737b96ee817dd1
  f/km/r_to_datatable: 684f8c7a4cb200b113fc370d1da5c9f6704a1cf3de3b1a35dffa9517bfaf7cc6
  f/km/r_to_ducklake: 5ae9e7b1ab89ef2099f61115adfa7ba857a288cb494fa5e1812deb00962a8607
  f/km/rosy_app.raw_app+__app_hash: 7b9dd2b65c132ba479b117efd323879b5629b34916b68d79f8ffced7d1ddda3d
  f/km/rosy_app.raw_app+a.ts: f839daa712f42e68e477afe873967e157417a60409fef38eb5ba3236d6196c3a
  f/km2/p_duckdb_partitioned: 7c2045635727c3d0de450e9698c185e471f551bbd0e389a4a11a7b0bbe12cf44
  f/km2/r_res_form: d8c207f7476f6d4bb202403298aa56e091cd935c10cbc6790863c7621a97c115
  f/km2/s_seed: 6f77d06d956e7f1c26cc0f59979997a21c4d95f55cf1373e21f42bf427a02e8f
  f/km2/t_bun_join: 5f4aa79aa42033306d94e94b6f58d06d958baa98c8a159a9e979fbd3832b43ee
  f/km2/t_duckdb_clean: 30bc25f05e3a124d6cee752616138e76f238ef93b139df205fa7b30ca3d22ad1
  f/km2/t_duckdb_lake_to_s3: 1d61a0946855b15adc835042e895cfaecdf25a93db99e12201eda343de52081c
  f/km2/t_pg_summary: 21e9e3bfa4423a9ea28e4cbdc1e2e930d2584bf0890166df81477d00c248ab3c
  f/km2/t_py_to_lake: 61229bb795ced5bc881bca59d92d4772a79e9b248aca25124376806e88e3dbb6
  f/km2/x_bash_archive: a9625dc8784b3c3fa0e06406d2086fdeb7040b6dc8c817f27c965c187efc5c19
  f/km2/x_py_publish: c849712966b754dd24c1912a4d7f0d5133d94deb0dc8f72e35dccc4c79412f93
  f/load_test/benchmark_100ms: fae96e3ff12d2010a912442341747bc8e92b659f9f351093f40f74b6af2e7984
  f/test/flow_1766780796687: 5e262a686eab5233120658b20c4a468ddb376720eb40029372ba58fbbbcb874a
  f/test/flow_1766780826640: 528669eeca2683362c23b91b4bc954190d9a638c50ecbb388a765cae27c4163b
  f/test/flow_1766780867703: 1d567536d0451f53920d3f675f458f460c8b56eafd5ac202b72d433547ed5a86
  f/test/flow_1766783970545: 91888f35df34823561f6c40ae313c26a5a9e347ce0990b3aa6fc5b22330ee70d
  f/test/flow_1766784402225: 64468552d8bf9740394f848015eb3accf88afecd2e98b46d3f29f48cffd99640
  f/test/flow_1766785804956: 608c87cc3f2217ad09f0fb7e8beead1790c5123202089fe1c41aeb0bcd8d556e
  f/test/flow_1766786561347: 5f71df8b266ca0790c3579b229fee3b53507736c97108b3d02d8960aecb663d9
  f/test/flow_1766786809841: d5ccf7d8955b752d8d56c34084c1f461523654dbc8943a652cdf36ead98fc848
  f/test/flow_1766792445013: a428cb44630a9b3b3dd590f534560e9975c255141eab0e514626bb323c2f525c
  f/test/mixed_script_1766784345002: 1d7589f788a20df6c895099a87abf2b861d260e9522c696cfaa3f6d1c2b44d3a
  f/test/mixed_script_1766784390870: 017c8fbc7156ba38a66a75f3af04a3dc9a83e7a41b4869a38b51888a290b9c55
  f/test/mixed_script_1766784413398: 1fe96f5a3ca1cfa64069e5c36f1fc7559eb9fdcd39de2e8caf870a3365bf1705
  f/test/mixed_script_1766785792704: 990c097e7242696212d8c62d0c50a7ac3821e8e1b50897105233f9345ebc809d
  f/test/mixed_script_1766785816966: a9306829daaf5195635645cf79a2e5b67db52a5c844cabce0de9bf617a14ad7c
  f/test/mixed_script_1766786573839: 79c253297146f03523390497356de703fa53aff35f22619462e826aba68a2cc3
  f/test/mixed_script_1766786823219: e40397362aa30d83c337697b3e70087490b43135aa40aa6c5e9ddc8cc4541cee
  f/test/mixed_script_1766792458549: 2dc9fba2163d1fce816c8db81d37424146823d785a15fcef0040ae0dbea13b74
  f/test/mixed_script_1766794284569: 128f445fa9da8b965be4969453655a5e8254c3069175056be1546e7c7b0ec562
  f/test/push_script_1766780688408: 3751e634c71dcbe6fcf7b297feea91dc1be4062b6e73de410a9b06bddc07d959
  f/test/push_script_1766780824057: 6634e6e47cfa801849342f9098da632aa91030590ad06c2ece420e64541c2bab
  f/test/push_script_1766780864945: 5a91b76763d2b7bc5114e07f6eff53a0d45483cf2bc85e55d95386db765fa41f
  f/test/push_script_1766783967528: a3fb88362935e1eacb531a4ca032c560c8025f07d852eb80340a01eebe4c73e8
  f/test/push_script_1766784398994: af68750221d0099b5248cc5b4b44899fbec504d0ad639d91eddbaa8cdc52d5aa
  f/test/push_script_1766785801789: af0991376c2275550a74dd19c12070b96e9fd89df561ad881a25e85aeba5a388
  f/test/push_script_1766786557727: e835b26875d2c4c31935cfd4411ba6f3bb08afbff2cf3db2a377161747d4b27f
  f/test/push_script_1766786806006: 83dc3e248eb5d63702e9ed177fe6f130ffe564c4962d1c70d9ebf30ba644268e
  f/test/push_script_1766792441116: 7f8184ee155ba97001f236a2c33c959628677046173f318d98501b6a0893918f
  f/test/push_script_1766794263236: 3eb5f92edf7aaed5779f4ecf697b89a8579abf796e31a5cfc308d40332c2fe5f
