{
  "name": "windmill-client",
  "version": "1.617.3",
  "lockfileVersion": 3,
  "requires": true,
  "packages": {
    "": {
      "name": "windmill-client",
      "version": "1.617.3",
      "license": "Apache 2.0",
      "devDependencies": {
        "@types/node": "^20.17.16",
        "tsdown": "^0.12.9",
        "typescript": "^5.4.5"
      }
    },
    "node_modules/@babel/generator": {
      "version": "7.28.6",
      "resolved": "https://registry.npmjs.org/@babel/generator/-/generator-7.28.6.tgz",
      "integrity": "sha512-lOoVRwADj8hjf7al89tvQ2a1lf53Z+7tiXMgpZJL3maQPDxh0DgLMN62B2MKUOFcoodBHLMbDM6WAbKgNy5Suw==",
      "dev": true,
      "license": "MIT",
      "dependencies": {
        "@babel/parser": "^7.28.6",
        "@babel/types": "^7.28.6",
        "@jridgewell/gen-mapping": "^0.3.12",
        "@jridgewell/trace-mapping": "^0.3.28",
        "jsesc": "^3.0.2"
      },
      "engines": {
        "node": ">=6.9.0"
      }
    },
    "node_modules/@babel/helper-string-parser": {
      "version": "7.27.1",
      "resolved": "https://registry.npmjs.org/@babel/helper-string-parser/-/helper-string-parser-7.27.1.tgz",
      "integrity": "sha512-qMlSxKbpRlAridDExk92nSobyDdpPijUq2DW6oDnUqd0iOGxmQjyqhMIihI9+zv4LPyZdRje2cavWPbCbWm3eA==",
      "dev": true,
      "license": "MIT",
      "engines": {
        "node": ">=6.9.0"
      }
    },
    "node_modules/@babel/helper-validator-identifier": {
      "version": "7.28.5",
      "resolved": "https://registry.npmjs.org/@babel/helper-validator-identifier/-/helper-validator-identifier-7.28.5.tgz",
      "integrity": "sha512-qSs4ifwzKJSV39ucNjsvc6WVHs6b7S03sOh2OcHF9UHfVPqWWALUsNUVzhSBiItjRZoLHx7nIarVjqKVusUZ1Q==",
      "dev": true,
      "license": "MIT",
      "engines": {
        "node": ">=6.9.0"
      }
    },
    "node_modules/@babel/parser": {
      "version": "7.28.6",
      "resolved": "https://registry.npmjs.org/@babel/parser/-/parser-7.28.6.tgz",
      "integrity": "sha512-TeR9zWR18BvbfPmGbLampPMW+uW1NZnJlRuuHso8i87QZNq2JRF9i6RgxRqtEq+wQGsS19NNTWr2duhnE49mfQ==",
      "dev": true,
      "license": "MIT",
      "dependencies": {
        "@babel/types": "^7.28.6"
      },
      "bin": {
        "parser": "bin/babel-parser.js"
      },
      "engines": {
        "node": ">=6.0.0"
      }
    },
    "node_modules/@babel/types": {
      "version": "7.28.6",
      "resolved": "https://registry.npmjs.org/@babel/types/-/types-7.28.6.tgz",
      "integrity": "sha512-0ZrskXVEHSWIqZM/sQZ4EV3jZJXRkio/WCxaqKZP1g//CEWEPSfeZFcms4XeKBCHU0ZKnIkdJeU/kF+eRp5lBg==",
      "dev": true,
      "license": "MIT",
      "dependencies": {
        "@babel/helper-string-parser": "^7.27.1",
        "@babel/helper-validator-identifier": "^7.28.5"
      },
      "engines": {
        "node": ">=6.9.0"
      }
    },
    "node_modules/@emnapi/core": {
      "version": "1.8.1",
      "resolved": "https://registry.npmjs.org/@emnapi/core/-/core-1.8.1.tgz",
      "integrity": "sha512-AvT9QFpxK0Zd8J0jopedNm+w/2fIzvtPKPjqyw9jwvBaReTTqPBk9Hixaz7KbjimP+QNz605/XnjFcDAL2pqBg==",
      "dev": true,
      "license": "MIT",
      "optional": true,
      "dependencies": {
        "@emnapi/wasi-threads": "1.1.0",
        "tslib": "^2.4.0"
      }
    },
    "node_modules/@emnapi/runtime": {
      "version": "1.8.1",
      "resolved": "https://registry.npmjs.org/@emnapi/runtime/-/runtime-1.8.1.tgz",
      "integrity": "sha512-mehfKSMWjjNol8659Z8KxEMrdSJDDot5SXMq00dM8BN4o+CLNXQ0xH2V7EchNHV4RmbZLmmPdEaXZc5H2FXmDg==",
      "dev": true,
      "license": "MIT",
      "optional": true,
      "dependencies": {
        "tslib": "^2.4.0"
      }
    },
    "node_modules/@emnapi/wasi-threads": {
      "version": "1.1.0",
      "resolved": "https://registry.npmjs.org/@emnapi/wasi-threads/-/wasi-threads-1.1.0.tgz",
      "integrity": "sha512-WI0DdZ8xFSbgMjR1sFsKABJ/C5OnRrjT06JXbZKexJGrDuPTzZdDYfFlsgcCXCyf+suG5QU2e/y1Wo2V/OapLQ==",
      "dev": true,
      "license": "MIT",
      "optional": true,
      "dependencies": {
        "tslib": "^2.4.0"
      }
    },
    "node_modules/@jridgewell/gen-mapping": {
      "version": "0.3.13",
      "resolved": "https://registry.npmjs.org/@jridgewell/gen-mapping/-/gen-mapping-0.3.13.tgz",
      "integrity": "sha512-2kkt/7niJ6MgEPxF0bYdQ6etZaA+fQvDcLKckhy1yIQOzaoKjBBjSj63/aLVjYE3qhRt5dvM+uUyfCg6UKCBbA==",
      "dev": true,
      "license": "MIT",
      "dependencies": {
        "@jridgewell/sourcemap-codec": "^1.5.0",
        "@jridgewell/trace-mapping": "^0.3.24"
      }
    },
    "node_modules/@jridgewell/resolve-uri": {
      "version": "3.1.2",
      "resolved": "https://registry.npmjs.org/@jridgewell/resolve-uri/-/resolve-uri-3.1.2.tgz",
      "integrity": "sha512-bRISgCIjP20/tbWSPWMEi54QVPRZExkuD9lJL+UIxUKtwVJA8wW1Trb1jMs1RFXo1CBTNZ/5hpC9QvmKWdopKw==",
      "dev": true,
      "license": "MIT",
      "engines": {
        "node": ">=6.0.0"
      }
    },
    "node_modules/@jridgewell/sourcemap-codec": {
      "version": "1.5.5",
      "resolved": "https://registry.npmjs.org/@jridgewell/sourcemap-codec/-/sourcemap-codec-1.5.5.tgz",
      "integrity": "sha512-cYQ9310grqxueWbl+WuIUIaiUaDcj7WOq5fVhEljNVgRfOUhY9fy2zTvfoqWsnebh8Sl70VScFbICvJnLKB0Og==",
      "dev": true,
      "license": "MIT"
    },
    "node_modules/@jridgewell/trace-mapping": {
      "version": "0.3.31",
      "resolved": "https://registry.npmjs.org/@jridgewell/trace-mapping/-/trace-mapping-0.3.31.tgz",
      "integrity": "sha512-zzNR+SdQSDJzc8joaeP8QQoCQr8NuYx2dIIytl1QeBEZHJ9uW6hebsrYgbz8hJwUQao3TWCMtmfV8Nu1twOLAw==",
      "dev": true,
      "license": "MIT",
      "dependencies": {
        "@jridgewell/resolve-uri": "^3.1.0",
        "@jridgewell/sourcemap-codec": "^1.4.14"
      }
    },
    "node_modules/@napi-rs/wasm-runtime": {
      "version": "0.2.12",
      "resolved": "https://registry.npmjs.org/@napi-rs/wasm-runtime/-/wasm-runtime-0.2.12.tgz",
      "integrity": "sha512-ZVWUcfwY4E/yPitQJl481FjFo3K22D6qF0DuFH6Y/nbnE11GY5uguDxZMGXPQ8WQ0128MXQD7TnfHyK4oWoIJQ==",
      "dev": true,
      "license": "MIT",
      "optional": true,
      "dependencies": {
        "@emnapi/core": "^1.4.3",
        "@emnapi/runtime": "^1.4.3",
        "@tybys/wasm-util": "^0.10.0"
      }
    },
    "node_modules/@oxc-project/runtime": {
      "version": "0.71.0",
      "resolved": "https://registry.npmjs.org/@oxc-project/runtime/-/runtime-0.71.0.tgz",
      "integrity": "sha512-QwoF5WUXIGFQ+hSxWEib4U/aeLoiDN9JlP18MnBgx9LLPRDfn1iICtcow7Jgey6HLH4XFceWXQD5WBJ39dyJcw==",
      "dev": true,
      "license": "MIT",
      "engines": {
        "node": ">=6.9.0"
      }
    },
    "node_modules/@oxc-project/types": {
      "version": "0.71.0",
      "resolved": "https://registry.npmjs.org/@oxc-project/types/-/types-0.71.0.tgz",
      "integrity": "sha512-5CwQ4MI+P4MQbjLWXgNurA+igGwu/opNetIE13LBs9+V93R64MLvDKOOLZIXSzEfovU3Zef3q3GjPnMTgJTn2w==",
      "dev": true,
      "license": "MIT",
      "funding": {
        "url": "https://github.com/sponsors/Boshen"
      }
    },
    "node_modules/@quansync/fs": {
      "version": "1.0.0",
      "resolved": "https://registry.npmjs.org/@quansync/fs/-/fs-1.0.0.tgz",
      "integrity": "sha512-4TJ3DFtlf1L5LDMaM6CanJ/0lckGNtJcMjQ1NAV6zDmA0tEHKZtxNKin8EgPaVX1YzljbxckyT2tJrpQKAtngQ==",
      "dev": true,
      "license": "MIT",
      "dependencies": {
        "quansync": "^1.0.0"
      },
      "funding": {
        "url": "https://github.com/sponsors/sxzz"
      }
    },
    "node_modules/@rolldown/binding-darwin-arm64": {
      "version": "1.0.0-beta.9-commit.d91dfb5",
      "resolved": "https://registry.npmjs.org/@rolldown/binding-darwin-arm64/-/binding-darwin-arm64-1.0.0-beta.9-commit.d91dfb5.tgz",
      "integrity": "sha512-Mp0/gqiPdepHjjVm7e0yL1acWvI0rJVVFQEADSezvAjon9sjQ7CEg9JnXICD4B1YrPmN9qV/e7cQZCp87tTV4w==",
      "cpu": [
        "arm64"
      ],
      "dev": true,
      "license": "MIT",
      "optional": true,
      "os": [
        "darwin"
      ]
    },
    "node_modules/@rolldown/binding-darwin-x64": {
      "version": "1.0.0-beta.9-commit.d91dfb5",
      "resolved": "https://registry.npmjs.org/@rolldown/binding-darwin-x64/-/binding-darwin-x64-1.0.0-beta.9-commit.d91dfb5.tgz",
      "integrity": "sha512-40re4rMNrsi57oavRzIOpRGmg3QRlW6Ea8Q3znaqgOuJuKVrrm2bIQInTfkZJG7a4/5YMX7T951d0+toGLTdCA==",
      "cpu": [
        "x64"
      ],
      "dev": true,
      "license": "MIT",
      "optional": true,
      "os": [
        "darwin"
      ]
    },
    "node_modules/@rolldown/binding-freebsd-x64": {
      "version": "1.0.0-beta.9-commit.d91dfb5",
      "resolved": "https://registry.npmjs.org/@rolldown/binding-freebsd-x64/-/binding-freebsd-x64-1.0.0-beta.9-commit.d91dfb5.tgz",
      "integrity": "sha512-8BDM939bbMariZupiHp3OmP5N+LXPT4mULA0hZjDaq970PCxv4krZOSMG+HkWUUwmuQROtV+/00xw39EO0P+8g==",
      "cpu": [
        "x64"
      ],
      "dev": true,
      "license": "MIT",
      "optional": true,
      "os": [
        "freebsd"
      ]
    },
    "node_modules/@rolldown/binding-linux-arm-gnueabihf": {
      "version": "1.0.0-beta.9-commit.d91dfb5",
      "resolved": "https://registry.npmjs.org/@rolldown/binding-linux-arm-gnueabihf/-/binding-linux-arm-gnueabihf-1.0.0-beta.9-commit.d91dfb5.tgz",
      "integrity": "sha512-sntsPaPgrECpBB/+2xrQzVUt0r493TMPI+4kWRMhvMsmrxOqH1Ep5lM0Wua/ZdbfZNwm1aVa5pcESQfNfM4Fhw==",
      "cpu": [
        "arm"
      ],
      "dev": true,
      "license": "MIT",
      "optional": true,
      "os": [
        "linux"
      ]
    },
    "node_modules/@rolldown/binding-linux-arm64-gnu": {
      "version": "1.0.0-beta.9-commit.d91dfb5",
      "resolved": "https://registry.npmjs.org/@rolldown/binding-linux-arm64-gnu/-/binding-linux-arm64-gnu-1.0.0-beta.9-commit.d91dfb5.tgz",
      "integrity": "sha512-5clBW/I+er9F2uM1OFjJFWX86y7Lcy0M+NqsN4s3o07W+8467Zk8oQa4B45vdaXoNUF/yqIAgKkA/OEdQDxZqA==",
      "cpu": [
        "arm64"
      ],
      "dev": true,
      "license": "MIT",
      "optional": true,
      "os": [
        "linux"
      ]
    },
    "node_modules/@rolldown/binding-linux-arm64-musl": {
      "version": "1.0.0-beta.9-commit.d91dfb5",
      "resolved": "https://registry.npmjs.org/@rolldown/binding-linux-arm64-musl/-/binding-linux-arm64-musl-1.0.0-beta.9-commit.d91dfb5.tgz",
      "integrity": "sha512-wv+rnAfQDk9p/CheX8/Kmqk2o1WaFa4xhWI9gOyDMk/ljvOX0u0ubeM8nI1Qfox7Tnh71eV5AjzSePXUhFOyOg==",
      "cpu": [
        "arm64"
      ],
      "dev": true,
      "license": "MIT",
      "optional": true,
      "os": [
        "linux"
      ]
    },
    "node_modules/@rolldown/binding-linux-x64-gnu": {
      "version": "1.0.0-beta.9-commit.d91dfb5",
      "resolved": "https://registry.npmjs.org/@rolldown/binding-linux-x64-gnu/-/binding-linux-x64-gnu-1.0.0-beta.9-commit.d91dfb5.tgz",
      "integrity": "sha512-gxD0/xhU4Py47IH3bKZbWtvB99tMkUPGPJFRfSc5UB9Osoje0l0j1PPbxpUtXIELurYCqwLBKXIMTQGifox1BQ==",
      "cpu": [
        "x64"
      ],
      "dev": true,
      "license": "MIT",
      "optional": true,
      "os": [
        "linux"
      ]
    },
    "node_modules/@rolldown/binding-linux-x64-musl": {
      "version": "1.0.0-beta.9-commit.d91dfb5",
      "resolved": "https://registry.npmjs.org/@rolldown/binding-linux-x64-musl/-/binding-linux-x64-musl-1.0.0-beta.9-commit.d91dfb5.tgz",
      "integrity": "sha512-HotuVe3XUjDwqqEMbm3o3IRkP9gdm8raY/btd/6KE3JGLF/cv4+3ff1l6nOhAZI8wulWDPEXPtE7v+HQEaTXnA==",
      "cpu": [
        "x64"
      ],
      "dev": true,
      "license": "MIT",
      "optional": true,
      "os": [
        "linux"
      ]
    },
    "node_modules/@rolldown/binding-wasm32-wasi": {
      "version": "1.0.0-beta.9-commit.d91dfb5",
      "resolved": "https://registry.npmjs.org/@rolldown/binding-wasm32-wasi/-/binding-wasm32-wasi-1.0.0-beta.9-commit.d91dfb5.tgz",
      "integrity": "sha512-8Cx+ucbd8n2dIr21FqBh6rUvTVL0uTgEtKR7l+MUZ5BgY4dFh1e4mPVX8oqmoYwOxBiXrsD2JIOCz4AyKLKxWA==",
      "cpu": [
        "wasm32"
      ],
      "dev": true,
      "license": "MIT",
      "optional": true,
      "dependencies": {
        "@napi-rs/wasm-runtime": "^0.2.4"
      },
      "engines": {
        "node": ">=14.21.3"
      }
    },
    "node_modules/@rolldown/binding-win32-arm64-msvc": {
      "version": "1.0.0-beta.9-commit.d91dfb5",
      "resolved": "https://registry.npmjs.org/@rolldown/binding-win32-arm64-msvc/-/binding-win32-arm64-msvc-1.0.0-beta.9-commit.d91dfb5.tgz",
      "integrity": "sha512-Vhq5vikrVDxAa75fxsyqj0c0Y/uti/TwshXI71Xb8IeUQJOBnmLUsn5dgYf5ljpYYkNa0z9BPAvUDIDMmyDi+w==",
      "cpu": [
        "arm64"
      ],
      "dev": true,
      "license": "MIT",
      "optional": true,
      "os": [
        "win32"
      ]
    },
    "node_modules/@rolldown/binding-win32-ia32-msvc": {
      "version": "1.0.0-beta.9-commit.d91dfb5",
      "resolved": "https://registry.npmjs.org/@rolldown/binding-win32-ia32-msvc/-/binding-win32-ia32-msvc-1.0.0-beta.9-commit.d91dfb5.tgz",
      "integrity": "sha512-lN7RIg9Iugn08zP2aZN9y/MIdG8iOOCE93M1UrFlrxMTqPf8X+fDzmR/OKhTSd1A2pYNipZHjyTcb5H8kyQSow==",
      "cpu": [
        "ia32"
      ],
      "dev": true,
      "license": "MIT",
      "optional": true,
      "os": [
        "win32"
      ]
    },
    "node_modules/@rolldown/binding-win32-x64-msvc": {
      "version": "1.0.0-beta.9-commit.d91dfb5",
      "resolved": "https://registry.npmjs.org/@rolldown/binding-win32-x64-msvc/-/binding-win32-x64-msvc-1.0.0-beta.9-commit.d91dfb5.tgz",
      "integrity": "sha512-7/7cLIn48Y+EpQ4CePvf8reFl63F15yPUlg4ZAhl+RXJIfydkdak1WD8Ir3AwAO+bJBXzrfNL+XQbxm0mcQZmw==",
      "cpu": [
        "x64"
      ],
      "dev": true,
      "license": "MIT",
      "optional": true,
      "os": [
        "win32"
      ]
    },
    "node_modules/@rolldown/pluginutils": {
      "version": "1.0.0-beta.9-commit.d91dfb5",
      "resolved": "https://registry.npmjs.org/@rolldown/pluginutils/-/pluginutils-1.0.0-beta.9-commit.d91dfb5.tgz",
      "integrity": "sha512-8sExkWRK+zVybw3+2/kBkYBFeLnEUWz1fT7BLHplpzmtqkOfTbAQ9gkt4pzwGIIZmg4Qn5US5ACjUBenrhezwQ==",
      "dev": true,
      "license": "MIT"
    },
    "node_modules/@tybys/wasm-util": {
      "version": "0.10.1",
      "resolved": "https://registry.npmjs.org/@tybys/wasm-util/-/wasm-util-0.10.1.tgz",
      "integrity": "sha512-9tTaPJLSiejZKx+Bmog4uSubteqTvFrVrURwkmHixBo0G4seD0zUxp98E1DzUBJxLQ3NPwXrGKDiVjwx/DpPsg==",
      "dev": true,
      "license": "MIT",
      "optional": true,
      "dependencies": {
        "tslib": "^2.4.0"
      }
    },
    "node_modules/@types/node": {
      "version": "20.17.16",
      "resolved": "https://registry.npmjs.org/@types/node/-/node-20.17.16.tgz",
      "integrity": "sha512-vOTpLduLkZXePLxHiHsBLp98mHGnl8RptV4YAO3HfKO5UHjDvySGbxKtpYfy8Sx5+WKcgc45qNreJJRVM3L6mw==",
      "dev": true,
      "dependencies": {
        "undici-types": "~6.19.2"
      }
    },
    "node_modules/ansis": {
      "version": "4.2.0",
      "resolved": "https://registry.npmjs.org/ansis/-/ansis-4.2.0.tgz",
      "integrity": "sha512-HqZ5rWlFjGiV0tDm3UxxgNRqsOTniqoKZu0pIAfh7TZQMGuZK+hH0drySty0si0QXj1ieop4+SkSfPZBPPkHig==",
      "dev": true,
      "license": "ISC",
      "engines": {
        "node": ">=14"
      }
    },
    "node_modules/ast-kit": {
      "version": "2.1.2",
      "resolved": "https://registry.npmjs.org/ast-kit/-/ast-kit-2.1.2.tgz",
      "integrity": "sha512-cl76xfBQM6pztbrFWRnxbrDm9EOqDr1BF6+qQnnDZG2Co2LjyUktkN9GTJfBAfdae+DbT2nJf2nCGAdDDN7W2g==",
      "dev": true,
      "license": "MIT",
      "dependencies": {
        "@babel/parser": "^7.28.0",
        "pathe": "^2.0.3"
      },
      "engines": {
        "node": ">=20.18.0"
      },
      "funding": {
        "url": "https://github.com/sponsors/sxzz"
      }
    },
    "node_modules/birpc": {
      "version": "2.9.0",
      "resolved": "https://registry.npmjs.org/birpc/-/birpc-2.9.0.tgz",
      "integrity": "sha512-KrayHS5pBi69Xi9JmvoqrIgYGDkD6mcSe/i6YKi3w5kekCLzrX4+nawcXqrj2tIp50Kw/mT/s3p+GVK0A0sKxw==",
      "dev": true,
      "license": "MIT",
      "funding": {
        "url": "https://github.com/sponsors/antfu"
      }
    },
    "node_modules/cac": {
      "version": "6.7.14",
      "resolved": "https://registry.npmjs.org/cac/-/cac-6.7.14.tgz",
      "integrity": "sha512-b6Ilus+c3RrdDk+JhLKUAQfzzgLEPy6wcXqS7f/xe1EETvsDP6GORG7SFuOs6cID5YkqchW/LXZbX5bc8j7ZcQ==",
      "dev": true,
      "license": "MIT",
      "engines": {
        "node": ">=8"
      }
    },
    "node_modules/chokidar": {
      "version": "4.0.3",
      "resolved": "https://registry.npmjs.org/chokidar/-/chokidar-4.0.3.tgz",
      "integrity": "sha512-Qgzu8kfBvo+cA4962jnP1KkS6Dop5NS6g7R5LFYJr4b8Ub94PPQXUksCw9PvXoeXPRRddRNC5C1JQUR2SMGtnA==",
      "dev": true,
      "license": "MIT",
      "dependencies": {
        "readdirp": "^4.0.1"
      },
      "engines": {
        "node": ">= 14.16.0"
      },
      "funding": {
        "url": "https://paulmillr.com/funding/"
      }
    },
    "node_modules/debug": {
      "version": "4.4.3",
      "resolved": "https://registry.npmjs.org/debug/-/debug-4.4.3.tgz",
      "integrity": "sha512-RGwwWnwQvkVfavKVt22FGLw+xYSdzARwm0ru6DhTVA3umU5hZc28V3kO4stgYryrTlLpuvgI9GiijltAjNbcqA==",
      "dev": true,
      "license": "MIT",
      "dependencies": {
        "ms": "^2.1.3"
      },
      "engines": {
        "node": ">=6.0"
      },
      "peerDependenciesMeta": {
        "supports-color": {
          "optional": true
        }
      }
    },
    "node_modules/defu": {
      "version": "6.1.4",
      "resolved": "https://registry.npmjs.org/defu/-/defu-6.1.4.tgz",
      "integrity": "sha512-mEQCMmwJu317oSz8CwdIOdwf3xMif1ttiM8LTufzc3g6kR+9Pe236twL8j3IYT1F7GfRgGcW6MWxzZjLIkuHIg==",
      "dev": true,
      "license": "MIT"
    },
    "node_modules/diff": {
      "version": "8.0.3",
      "resolved": "https://registry.npmjs.org/diff/-/diff-8.0.3.tgz",
      "integrity": "sha512-qejHi7bcSD4hQAZE0tNAawRK1ZtafHDmMTMkrrIGgSLl7hTnQHmKCeB45xAcbfTqK2zowkM3j3bHt/4b/ARbYQ==",
      "dev": true,
      "license": "BSD-3-Clause",
      "engines": {
        "node": ">=0.3.1"
      }
    },
    "node_modules/dts-resolver": {
      "version": "2.1.2",
      "resolved": "https://registry.npmjs.org/dts-resolver/-/dts-resolver-2.1.2.tgz",
      "integrity": "sha512-xeXHBQkn2ISSXxbJWD828PFjtyg+/UrMDo7W4Ffcs7+YWCquxU8YjV1KoxuiL+eJ5pg3ll+bC6flVv61L3LKZg==",
      "dev": true,
      "license": "MIT",
      "engines": {
        "node": ">=20.18.0"
      },
      "funding": {
        "url": "https://github.com/sponsors/sxzz"
      },
      "peerDependencies": {
        "oxc-resolver": ">=11.0.0"
      },
      "peerDependenciesMeta": {
        "oxc-resolver": {
          "optional": true
        }
      }
    },
    "node_modules/empathic": {
      "version": "2.0.0",
      "resolved": "https://registry.npmjs.org/empathic/-/empathic-2.0.0.tgz",
      "integrity": "sha512-i6UzDscO/XfAcNYD75CfICkmfLedpyPDdozrLMmQc5ORaQcdMoc21OnlEylMIqI7U8eniKrPMxxtj8k0vhmJhA==",
      "dev": true,
      "license": "MIT",
      "engines": {
        "node": ">=14"
      }
    },
    "node_modules/fdir": {
      "version": "6.5.0",
      "resolved": "https://registry.npmjs.org/fdir/-/fdir-6.5.0.tgz",
      "integrity": "sha512-tIbYtZbucOs0BRGqPJkshJUYdL+SDH7dVM8gjy+ERp3WAUjLEFJE+02kanyHtwjWOnwrKYBiwAmM0p4kLJAnXg==",
      "dev": true,
      "license": "MIT",
      "engines": {
        "node": ">=12.0.0"
      },
      "peerDependencies": {
        "picomatch": "^3 || ^4"
      },
      "peerDependenciesMeta": {
        "picomatch": {
          "optional": true
        }
      }
    },
    "node_modules/get-tsconfig": {
      "version": "4.13.0",
      "resolved": "https://registry.npmjs.org/get-tsconfig/-/get-tsconfig-4.13.0.tgz",
      "integrity": "sha512-1VKTZJCwBrvbd+Wn3AOgQP/2Av+TfTCOlE4AcRJE72W1ksZXbAx8PPBR9RzgTeSPzlPMHrbANMH3LbltH73wxQ==",
      "dev": true,
      "license": "MIT",
      "dependencies": {
        "resolve-pkg-maps": "^1.0.0"
      },
      "funding": {
        "url": "https://github.com/privatenumber/get-tsconfig?sponsor=1"
      }
    },
    "node_modules/hookable": {
      "version": "5.5.3",
      "resolved": "https://registry.npmjs.org/hookable/-/hookable-5.5.3.tgz",
      "integrity": "sha512-Yc+BQe8SvoXH1643Qez1zqLRmbA5rCL+sSmk6TVos0LWVfNIB7PGncdlId77WzLGSIB5KaWgTaNTs2lNVEI6VQ==",
      "dev": true,
      "license": "MIT"
    },
    "node_modules/jiti": {
      "version": "2.6.1",
      "resolved": "https://registry.npmjs.org/jiti/-/jiti-2.6.1.tgz",
      "integrity": "sha512-ekilCSN1jwRvIbgeg/57YFh8qQDNbwDb9xT/qu2DAHbFFZUicIl4ygVaAvzveMhMVr3LnpSKTNnwt8PoOfmKhQ==",
      "dev": true,
      "license": "MIT",
      "bin": {
        "jiti": "lib/jiti-cli.mjs"
      }
    },
    "node_modules/jsesc": {
      "version": "3.1.0",
      "resolved": "https://registry.npmjs.org/jsesc/-/jsesc-3.1.0.tgz",
      "integrity": "sha512-/sM3dO2FOzXjKQhJuo0Q173wf2KOo8t4I8vHy6lF9poUp7bKT0/NHE8fPX23PwfhnykfqnC2xRxOnVw5XuGIaA==",
      "dev": true,
      "license": "MIT",
      "bin": {
        "jsesc": "bin/jsesc"
      },
      "engines": {
        "node": ">=6"
      }
    },
    "node_modules/ms": {
      "version": "2.1.3",
      "resolved": "https://registry.npmjs.org/ms/-/ms-2.1.3.tgz",
      "integrity": "sha512-6FlzubTLZG3J2a/NVCAleEhjzq5oxgHyaCU9yYXvcLsvoVaHJq/s5xXI6/XXP6tz7R9xAOtHnSO/tXtF3WRTlA==",
      "dev": true,
      "license": "MIT"
    },
    "node_modules/pathe": {
      "version": "2.0.3",
      "resolved": "https://registry.npmjs.org/pathe/-/pathe-2.0.3.tgz",
      "integrity": "sha512-WUjGcAqP1gQacoQe+OBJsFA7Ld4DyXuUIjZ5cc75cLHvJ7dtNsTugphxIADwspS+AraAUePCKrSVtPLFj/F88w==",
      "dev": true,
      "license": "MIT"
    },
    "node_modules/picomatch": {
      "version": "4.0.3",
      "resolved": "https://registry.npmjs.org/picomatch/-/picomatch-4.0.3.tgz",
      "integrity": "sha512-5gTmgEY/sqK6gFXLIsQNH19lWb4ebPDLA4SdLP7dsWkIXHWlG66oPuVvXSGFPppYZz8ZDZq0dYYrbHfBCVUb1Q==",
      "dev": true,
      "license": "MIT",
      "engines": {
        "node": ">=12"
      },
      "funding": {
        "url": "https://github.com/sponsors/jonschlinkert"
      }
    },
    "node_modules/quansync": {
      "version": "1.0.0",
      "resolved": "https://registry.npmjs.org/quansync/-/quansync-1.0.0.tgz",
      "integrity": "sha512-5xZacEEufv3HSTPQuchrvV6soaiACMFnq1H8wkVioctoH3TRha9Sz66lOxRwPK/qZj7HPiSveih9yAyh98gvqA==",
      "dev": true,
      "funding": [
        {
          "type": "individual",
          "url": "https://github.com/sponsors/antfu"
        },
        {
          "type": "individual",
          "url": "https://github.com/sponsors/sxzz"
        }
      ],
      "license": "MIT"
    },
    "node_modules/readdirp": {
      "version": "4.1.2",
      "resolved": "https://registry.npmjs.org/readdirp/-/readdirp-4.1.2.tgz",
      "integrity": "sha512-GDhwkLfywWL2s6vEjyhri+eXmfH6j1L7JE27WhqLeYzoh/A3DBaYGEj2H/HFZCn/kMfim73FXxEJTw06WtxQwg==",
      "dev": true,
      "license": "MIT",
      "engines": {
        "node": ">= 14.18.0"
      },
      "funding": {
        "type": "individual",
        "url": "https://paulmillr.com/funding/"
      }
    },
    "node_modules/resolve-pkg-maps": {
      "version": "1.0.0",
      "resolved": "https://registry.npmjs.org/resolve-pkg-maps/-/resolve-pkg-maps-1.0.0.tgz",
      "integrity": "sha512-seS2Tj26TBVOC2NIc2rOe2y2ZO7efxITtLZcGSOnHHNOQ7CkiUBfw0Iw2ck6xkIhPwLhKNLS8BO+hEpngQlqzw==",
      "dev": true,
      "license": "MIT",
      "funding": {
        "url": "https://github.com/privatenumber/resolve-pkg-maps?sponsor=1"
      }
    },
    "node_modules/rolldown": {
      "version": "1.0.0-beta.9-commit.d91dfb5",
      "resolved": "https://registry.npmjs.org/rolldown/-/rolldown-1.0.0-beta.9-commit.d91dfb5.tgz",
      "integrity": "sha512-FHkj6gGEiEgmAXQchglofvUUdwj2Oiw603Rs+zgFAnn9Cb7T7z3fiaEc0DbN3ja4wYkW6sF2rzMEtC1V4BGx/g==",
      "dev": true,
      "license": "MIT",
      "dependencies": {
        "@oxc-project/runtime": "0.71.0",
        "@oxc-project/types": "0.71.0",
        "@rolldown/pluginutils": "1.0.0-beta.9-commit.d91dfb5",
        "ansis": "^4.0.0"
      },
      "bin": {
        "rolldown": "bin/cli.mjs"
      },
      "optionalDependencies": {
        "@rolldown/binding-darwin-arm64": "1.0.0-beta.9-commit.d91dfb5",
        "@rolldown/binding-darwin-x64": "1.0.0-beta.9-commit.d91dfb5",
        "@rolldown/binding-freebsd-x64": "1.0.0-beta.9-commit.d91dfb5",
        "@rolldown/binding-linux-arm-gnueabihf": "1.0.0-beta.9-commit.d91dfb5",
        "@rolldown/binding-linux-arm64-gnu": "1.0.0-beta.9-commit.d91dfb5",
        "@rolldown/binding-linux-arm64-musl": "1.0.0-beta.9-commit.d91dfb5",
        "@rolldown/binding-linux-x64-gnu": "1.0.0-beta.9-commit.d91dfb5",
        "@rolldown/binding-linux-x64-musl": "1.0.0-beta.9-commit.d91dfb5",
        "@rolldown/binding-wasm32-wasi": "1.0.0-beta.9-commit.d91dfb5",
        "@rolldown/binding-win32-arm64-msvc": "1.0.0-beta.9-commit.d91dfb5",
        "@rolldown/binding-win32-ia32-msvc": "1.0.0-beta.9-commit.d91dfb5",
        "@rolldown/binding-win32-x64-msvc": "1.0.0-beta.9-commit.d91dfb5"
      }
    },
    "node_modules/rolldown-plugin-dts": {
      "version": "0.13.14",
      "resolved": "https://registry.npmjs.org/rolldown-plugin-dts/-/rolldown-plugin-dts-0.13.14.tgz",
      "integrity": "sha512-wjNhHZz9dlN6PTIXyizB6u/mAg1wEFMW9yw7imEVe3CxHSRnNHVyycIX0yDEOVJfDNISLPbkCIPEpFpizy5+PQ==",
      "dev": true,
      "license": "MIT",
      "dependencies": {
        "@babel/generator": "^7.28.0",
        "@babel/parser": "^7.28.0",
        "@babel/types": "^7.28.1",
        "ast-kit": "^2.1.1",
        "birpc": "^2.5.0",
        "debug": "^4.4.1",
        "dts-resolver": "^2.1.1",
        "get-tsconfig": "^4.10.1"
      },
      "engines": {
        "node": ">=20.18.0"
      },
      "funding": {
        "url": "https://github.com/sponsors/sxzz"
      },
      "peerDependencies": {
        "@typescript/native-preview": ">=7.0.0-dev.20250601.1",
        "rolldown": "^1.0.0-beta.9",
        "typescript": "^5.0.0",
        "vue-tsc": "^2.2.0 || ^3.0.0"
      },
      "peerDependenciesMeta": {
        "@typescript/native-preview": {
          "optional": true
        },
        "typescript": {
          "optional": true
        },
        "vue-tsc": {
          "optional": true
        }
      }
    },
    "node_modules/semver": {
      "version": "7.7.3",
      "resolved": "https://registry.npmjs.org/semver/-/semver-7.7.3.tgz",
      "integrity": "sha512-SdsKMrI9TdgjdweUSR9MweHA4EJ8YxHn8DFaDisvhVlUOe4BF1tLD7GAj0lIqWVl+dPb/rExr0Btby5loQm20Q==",
      "dev": true,
      "license": "ISC",
      "bin": {
        "semver": "bin/semver.js"
      },
      "engines": {
        "node": ">=10"
      }
    },
    "node_modules/tinyexec": {
      "version": "1.0.2",
      "resolved": "https://registry.npmjs.org/tinyexec/-/tinyexec-1.0.2.tgz",
      "integrity": "sha512-W/KYk+NFhkmsYpuHq5JykngiOCnxeVL8v8dFnqxSD8qEEdRfXk1SDM6JzNqcERbcGYj9tMrDQBYV9cjgnunFIg==",
      "dev": true,
      "license": "MIT",
      "engines": {
        "node": ">=18"
      }
    },
    "node_modules/tinyglobby": {
      "version": "0.2.15",
      "resolved": "https://registry.npmjs.org/tinyglobby/-/tinyglobby-0.2.15.tgz",
      "integrity": "sha512-j2Zq4NyQYG5XMST4cbs02Ak8iJUdxRM0XI5QyxXuZOzKOINmWurp3smXu3y5wDcJrptwpSjgXHzIQxR0omXljQ==",
      "dev": true,
      "license": "MIT",
      "dependencies": {
        "fdir": "^6.5.0",
        "picomatch": "^4.0.3"
      },
      "engines": {
        "node": ">=12.0.0"
      },
      "funding": {
        "url": "https://github.com/sponsors/SuperchupuDev"
      }
    },
    "node_modules/tsdown": {
      "version": "0.12.9",
      "resolved": "https://registry.npmjs.org/tsdown/-/tsdown-0.12.9.tgz",
      "integrity": "sha512-MfrXm9PIlT3saovtWKf/gCJJ/NQCdE0SiREkdNC+9Qy6UHhdeDPxnkFaBD7xttVUmgp0yUHtGirpoLB+OVLuLA==",
      "dev": true,
      "license": "MIT",
      "dependencies": {
        "ansis": "^4.1.0",
        "cac": "^6.7.14",
        "chokidar": "^4.0.3",
        "debug": "^4.4.1",
        "diff": "^8.0.2",
        "empathic": "^2.0.0",
        "hookable": "^5.5.3",
        "rolldown": "^1.0.0-beta.19",
        "rolldown-plugin-dts": "^0.13.12",
        "semver": "^7.7.2",
        "tinyexec": "^1.0.1",
        "tinyglobby": "^0.2.14",
        "unconfig": "^7.3.2"
      },
      "bin": {
        "tsdown": "dist/run.mjs"
      },
      "engines": {
        "node": ">=18.0.0"
      },
      "funding": {
        "url": "https://github.com/sponsors/sxzz"
      },
      "peerDependencies": {
        "@arethetypeswrong/core": "^0.18.1",
        "publint": "^0.3.0",
        "typescript": "^5.0.0",
        "unplugin-lightningcss": "^0.4.0",
        "unplugin-unused": "^0.5.0"
      },
      "peerDependenciesMeta": {
        "@arethetypeswrong/core": {
          "optional": true
        },
        "publint": {
          "optional": true
        },
        "typescript": {
          "optional": true
        },
        "unplugin-lightningcss": {
          "optional": true
        },
        "unplugin-unused": {
          "optional": true
        }
      }
    },
    "node_modules/tslib": {
      "version": "2.8.1",
      "resolved": "https://registry.npmjs.org/tslib/-/tslib-2.8.1.tgz",
      "integrity": "sha512-oJFu94HQb+KVduSUQL7wnpmqnfmLsOA/nAh6b6EH0wCEoK0/mPeXU6c3wKDV83MkOuHPRHtSXKKU99IBazS/2w==",
      "dev": true,
      "license": "0BSD",
      "optional": true
    },
    "node_modules/typescript": {
      "version": "5.4.5",
      "resolved": "https://registry.npmjs.org/typescript/-/typescript-5.4.5.tgz",
      "integrity": "sha512-vcI4UpRgg81oIRUFwR0WSIHKt11nJ7SAVlYNIu+QpqeyXP+gpQJy/Z4+F0aGxSE4MqwjyXvW/TzgkLAx2AGHwQ==",
      "dev": true,
      "bin": {
        "tsc": "bin/tsc",
        "tsserver": "bin/tsserver"
      },
      "engines": {
        "node": ">=14.17"
      }
    },
    "node_modules/unconfig": {
      "version": "7.4.2",
      "resolved": "https://registry.npmjs.org/unconfig/-/unconfig-7.4.2.tgz",
      "integrity": "sha512-nrMlWRQ1xdTjSnSUqvYqJzbTBFugoqHobQj58B2bc8qxHKBBHMNNsWQFP3Cd3/JZK907voM2geYPWqD4VK3MPQ==",
      "dev": true,
      "license": "MIT",
      "dependencies": {
        "@quansync/fs": "^1.0.0",
        "defu": "^6.1.4",
        "jiti": "^2.6.1",
        "quansync": "^1.0.0",
        "unconfig-core": "7.4.2"
      },
      "funding": {
        "url": "https://github.com/sponsors/antfu"
      }
    },
    "node_modules/unconfig-core": {
      "version": "7.4.2",
      "resolved": "https://registry.npmjs.org/unconfig-core/-/unconfig-core-7.4.2.tgz",
      "integrity": "sha512-VgPCvLWugINbXvMQDf8Jh0mlbvNjNC6eSUziHsBCMpxR05OPrNrvDnyatdMjRgcHaaNsCqz+wjNXxNw1kRLHUg==",
      "dev": true,
      "license": "MIT",
      "dependencies": {
        "@quansync/fs": "^1.0.0",
        "quansync": "^1.0.0"
      },
      "funding": {
        "url": "https://github.com/sponsors/antfu"
      }
    },
    "node_modules/undici-types": {
      "version": "6.19.8",
      "resolved": "https://registry.npmjs.org/undici-types/-/undici-types-6.19.8.tgz",
      "integrity": "sha512-ve2KP6f/JnbPBFyobGHuerC9g1FYGn/F8n1LWTwNxCEzd6IfqTwUQcNXgEtmmQ6DlRrC1hrSrBnCZPokRrDHjw==",
      "dev": true
    }
  }
}
